{
  "name": "assets",
  "lockfileVersion": 3,
  "requires": true,
  "packages": {
    "": {
      "dependencies": {
        "@github/markdown-toolbar-element": "^2.2.3",
        "@github/paste-markdown": "^1.5.3"
      }
    },
    "node_modules/@github/markdown-toolbar-element": {
      "version": "2.2.3",
      "resolved": "https://registry.npmjs.org/@github/markdown-toolbar-element/-/markdown-toolbar-element-2.2.3.tgz",
      "integrity": "sha512-AlquKGee+IWiAMYVB0xyHFZRMnu4n3X4HTvJHu79GiVJ1ojTukCWyxMlF5NMsecoLcBKsuBhx3QPv2vkE/zQ0A=="
    },
    "node_modules/@github/paste-markdown": {
      "version": "1.5.3",
      "resolved": "https://registry.npmjs.org/@github/paste-markdown/-/paste-markdown-1.5.3.tgz",
      "integrity": "sha512-PzZ1b3PaqBzYqbT4fwKEhiORf38h2OcGp2+JdXNNM7inZ7egaSmfmhyNkQILpqWfS0AYtRS3CDq6z03eZ8yOMQ=="
    }
  }
}
